
Microsoft Visual Studio Solution File, Format Version 12.00
# Visual Studio Version 17
VisualStudioVersion = 17.1.32328.378
MinimumVisualStudioVersion = 10.0.40219.1
Project("{FAE04EC0-301F-11D3-BF4B-00C04F79EFBC}") = "Шкант плоский", "Шкант плоский\Шкант плоский.csproj", "{B279C34A-111A-485E-A720-23D21CA1D5DA}"
EndProject
Global
	GlobalSection(SolutionConfigurationPlatforms) = preSolution
		Debug|Any CPU = Debug|Any CPU
		Release|Any CPU = Release|Any CPU
	EndGlobalSection
	GlobalSection(ProjectConfigurationPlatforms) = postSolution
		{B279C34A-111A-485E-A720-23D21CA1D5DA}.Debug|Any CPU.ActiveCfg = Debug|Any CPU
		{B279C34A-111A-485E-A720-23D21CA1D5DA}.Debug|Any CPU.Build.0 = Debug|Any CPU
		{B279C34A-111A-485E-A720-23D21CA1D5DA}.Release|Any CPU.ActiveCfg = Release|Any CPU
		{B279C34A-111A-485E-A720-23D21CA1D5DA}.Release|Any CPU.Build.0 = Release|Any CPU
	EndGlobalSection
	GlobalSection(SolutionProperties) = preSolution
		HideSolutionNode = FALSE
	EndGlobalSection
	GlobalSection(ExtensibilityGlobals) = postSolution
		SolutionGuid = {15DC6B2C-970F-4C53-87EA-80EA2FFE004D}
	EndGlobalSection
EndGlobal
